// !$*UTF8*$!
{
	archiveVersion = 1;
	classes = {
	};
	objectVersion = 46;
	objects = {

/* Begin PBXBuildFile section */
		6E1D077C1E27A1D8000F7D71 /* main.m in Sources */ = {isa = PBXBuildFile; fileRef = 6E1D077B1E27A1D8000F7D71 /* main.m */; };
		6E1D077F1E27A1D8000F7D71 /* AppDelegate.m in Sources */ = {isa = PBXBuildFile; fileRef = 6E1D077E1E27A1D8000F7D71 /* AppDelegate.m */; };
		6E1D07821E27A1D8000F7D71 /* ViewController.m in Sources */ = {isa = PBXBuildFile; fileRef = 6E1D07811E27A1D8000F7D71 /* ViewController.m */; };
		6E1D07851E27A1D8000F7D71 /* Main.storyboard in Resources */ = {isa = PBXBuildFile; fileRef = 6E1D07831E27A1D8000F7D71 /* Main.storyboard */; };
		6E1D07871E27A1D8000F7D71 /* Assets.xcassets in Resources */ = {isa = PBXBuildFile; fileRef = 6E1D07861E27A1D8000F7D71 /* Assets.xcassets */; };
		6E1D078A1E27A1D8000F7D71 /* LaunchScreen.storyboard in Resources */ = {isa = PBXBuildFile; fileRef = 6E1D07881E27A1D8000F7D71 /* LaunchScreen.storyboard */; };
		6E1D07941E28EB7F000F7D71 /* CellServicos.m in Sources */ = {isa = PBXBuildFile; fileRef = 6E1D07921E28EB7F000F7D71 /* CellServicos.m */; };
		6E1D07951E28EB7F000F7D71 /* CellServicos.xib in Resources */ = {isa = PBXBuildFile; fileRef = 6E1D07931E28EB7F000F7D71 /* CellServicos.xib */; };
		6E1D079C1E2CFC9D000F7D71 /* CollectionCell.m in Sources */ = {isa = PBXBuildFile; fileRef = 6E1D079A1E2CFC9D000F7D71 /* CollectionCell.m */; };
		6E1D079D1E2CFC9D000F7D71 /* CollectionCell.xib in Resources */ = {isa = PBXBuildFile; fileRef = 6E1D079B1E2CFC9D000F7D71 /* CollectionCell.xib */; };
		6E1D07B81E2EE31D000F7D71 /* FeedbackCell.m in Sources */ = {isa = PBXBuildFile; fileRef = 6E1D07B61E2EE31D000F7D71 /* FeedbackCell.m */; };
		6E1D07B91E2EE31D000F7D71 /* FeedbackCell.xib in Resources */ = {isa = PBXBuildFile; fileRef = 6E1D07B71E2EE31D000F7D71 /* FeedbackCell.xib */; };
		6E1D07C21E2EF843000F7D71 /* UserFeedbackCell.m in Sources */ = {isa = PBXBuildFile; fileRef = 6E1D07C01E2EF843000F7D71 /* UserFeedbackCell.m */; };
		6E1D07C31E2EF843000F7D71 /* UserFeedbackCell.xib in Resources */ = {isa = PBXBuildFile; fileRef = 6E1D07C11E2EF843000F7D71 /* UserFeedbackCell.xib */; };
		6E1D07C81E2F961C000F7D71 /* DJWStarRatingView.m in Sources */ = {isa = PBXBuildFile; fileRef = 6E1D07C71E2F961C000F7D71 /* DJWStarRatingView.m */; };
		6E1D07D01E2FC129000F7D71 /* CellComments.m in Sources */ = {isa = PBXBuildFile; fileRef = 6E1D07CE1E2FC129000F7D71 /* CellComments.m */; };
		6E1D07D11E2FC129000F7D71 /* CellComments.xib in Resources */ = {isa = PBXBuildFile; fileRef = 6E1D07CF1E2FC129000F7D71 /* CellComments.xib */; };
		6E1D07D81E2FEA22000F7D71 /* UIViewController+Utils.m in Sources */ = {isa = PBXBuildFile; fileRef = 6E1D07D71E2FEA22000F7D71 /* UIViewController+Utils.m */; };
/* End PBXBuildFile section */

/* Begin PBXFileReference section */
		6E1D07771E27A1D8000F7D71 /* ALCCollectionInTableView.app */ = {isa = PBXFileReference; explicitFileType = wrapper.application; includeInIndex = 0; path = ALCCollectionInTableView.app; sourceTree = BUILT_PRODUCTS_DIR; };
		6E1D077B1E27A1D8000F7D71 /* main.m */ = {isa = PBXFileReference; lastKnownFileType = sourcecode.c.objc; path = main.m; sourceTree = "<group>"; };
		6E1D077D1E27A1D8000F7D71 /* AppDelegate.h */ = {isa = PBXFileReference; lastKnownFileType = sourcecode.c.h; path = AppDelegate.h; sourceTree = "<group>"; };
		6E1D077E1E27A1D8000F7D71 /* AppDelegate.m */ = {isa = PBXFileReference; lastKnownFileType = sourcecode.c.objc; path = AppDelegate.m; sourceTree = "<group>"; };
		6E1D07801E27A1D8000F7D71 /* ViewController.h */ = {isa = PBXFileReference; lastKnownFileType = sourcecode.c.h; name = ViewController.h; path = ../../ViewController.h; sourceTree = "<group>"; };
		6E1D07811E27A1D8000F7D71 /* ViewController.m */ = {isa = PBXFileReference; lastKnownFileType = sourcecode.c.objc; name = ViewController.m; path = ../../ViewController.m; sourceTree = "<group>"; };
		6E1D07841E27A1D8000F7D71 /* Base */ = {isa = PBXFileReference; lastKnownFileType = file.storyboard; name = Base; path = Base.lproj/Main.storyboard; sourceTree = "<group>"; };
		6E1D07861E27A1D8000F7D71 /* Assets.xcassets */ = {isa = PBXFileReference; lastKnownFileType = folder.assetcatalog; path = Assets.xcassets; sourceTree = "<group>"; };
		6E1D07891E27A1D8000F7D71 /* Base */ = {isa = PBXFileReference; lastKnownFileType = file.storyboard; name = Base; path = Base.lproj/LaunchScreen.storyboard; sourceTree = "<group>"; };
		6E1D078B1E27A1D8000F7D71 /* Info.plist */ = {isa = PBXFileReference; lastKnownFileType = text.plist.xml; path = Info.plist; sourceTree = "<group>"; };
		6E1D07911E28EB7F000F7D71 /* CellServicos.h */ = {isa = PBXFileReference; fileEncoding = 4; lastKnownFileType = sourcecode.c.h; path = CellServicos.h; sourceTree = "<group>"; };
		6E1D07921E28EB7F000F7D71 /* CellServicos.m */ = {isa = PBXFileReference; fileEncoding = 4; lastKnownFileType = sourcecode.c.objc; path = CellServicos.m; sourceTree = "<group>"; };
		6E1D07931E28EB7F000F7D71 /* CellServicos.xib */ = {isa = PBXFileReference; fileEncoding = 4; lastKnownFileType = file.xib; path = CellServicos.xib; sourceTree = "<group>"; };
		6E1D07991E2CFC9D000F7D71 /* CollectionCell.h */ = {isa = PBXFileReference; fileEncoding = 4; lastKnownFileType = sourcecode.c.h; path = CollectionCell.h; sourceTree = "<group>"; };
		6E1D079A1E2CFC9D000F7D71 /* CollectionCell.m */ = {isa = PBXFileReference; fileEncoding = 4; lastKnownFileType = sourcecode.c.objc; path = CollectionCell.m; sourceTree = "<group>"; };
		6E1D079B1E2CFC9D000F7D71 /* CollectionCell.xib */ = {isa = PBXFileReference; fileEncoding = 4; lastKnownFileType = file.xib; path = CollectionCell.xib; sourceTree = "<group>"; };
		6E1D07B51E2EE31D000F7D71 /* FeedbackCell.h */ = {isa = PBXFileReference; fileEncoding = 4; lastKnownFileType = sourcecode.c.h; path = FeedbackCell.h; sourceTree = "<group>"; };
		6E1D07B61E2EE31D000F7D71 /* FeedbackCell.m */ = {isa = PBXFileReference; fileEncoding = 4; lastKnownFileType = sourcecode.c.objc; path = FeedbackCell.m; sourceTree = "<group>"; };
		6E1D07B71E2EE31D000F7D71 /* FeedbackCell.xib */ = {isa = PBXFileReference; fileEncoding = 4; lastKnownFileType = file.xib; path = FeedbackCell.xib; sourceTree = "<group>"; };
		6E1D07BF1E2EF843000F7D71 /* UserFeedbackCell.h */ = {isa = PBXFileReference; fileEncoding = 4; lastKnownFileType = sourcecode.c.h; path = UserFeedbackCell.h; sourceTree = "<group>"; };
		6E1D07C01E2EF843000F7D71 /* UserFeedbackCell.m */ = {isa = PBXFileReference; fileEncoding = 4; lastKnownFileType = sourcecode.c.objc; path = UserFeedbackCell.m; sourceTree = "<group>"; };
		6E1D07C11E2EF843000F7D71 /* UserFeedbackCell.xib */ = {isa = PBXFileReference; fileEncoding = 4; lastKnownFileType = file.xib; path = UserFeedbackCell.xib; sourceTree = "<group>"; };
		6E1D07C61E2F961C000F7D71 /* DJWStarRatingView.h */ = {isa = PBXFileReference; fileEncoding = 4; lastKnownFileType = sourcecode.c.h; path = DJWStarRatingView.h; sourceTree = "<group>"; };
		6E1D07C71E2F961C000F7D71 /* DJWStarRatingView.m */ = {isa = PBXFileReference; fileEncoding = 4; lastKnownFileType = sourcecode.c.objc; path = DJWStarRatingView.m; sourceTree = "<group>"; };
		6E1D07CD1E2FC129000F7D71 /* CellComments.h */ = {isa = PBXFileReference; fileEncoding = 4; lastKnownFileType = sourcecode.c.h; path = CellComments.h; sourceTree = "<group>"; };
		6E1D07CE1E2FC129000F7D71 /* CellComments.m */ = {isa = PBXFileReference; fileEncoding = 4; lastKnownFileType = sourcecode.c.objc; path = CellComments.m; sourceTree = "<group>"; };
		6E1D07CF1E2FC129000F7D71 /* CellComments.xib */ = {isa = PBXFileReference; fileEncoding = 4; lastKnownFileType = file.xib; path = CellComments.xib; sourceTree = "<group>"; };
		6E1D07D61E2FEA22000F7D71 /* UIViewController+Utils.h */ = {isa = PBXFileReference; fileEncoding = 4; lastKnownFileType = sourcecode.c.h; path = "UIViewController+Utils.h"; sourceTree = "<group>"; };
		6E1D07D71E2FEA22000F7D71 /* UIViewController+Utils.m */ = {isa = PBXFileReference; fileEncoding = 4; lastKnownFileType = sourcecode.c.objc; path = "UIViewController+Utils.m"; sourceTree = "<group>"; };
/* End PBXFileReference section */

/* Begin PBXFrameworksBuildPhase section */
		6E1D07741E27A1D8000F7D71 /* Frameworks */ = {
			isa = PBXFrameworksBuildPhase;
			buildActionMask = 2147483647;
			files = (
			);
			runOnlyForDeploymentPostprocessing = 0;
		};
/* End PBXFrameworksBuildPhase section */

/* Begin PBXGroup section */
		6E1D076E1E27A1D8000F7D71 = {
			isa = PBXGroup;
			children = (
				6E1D07791E27A1D8000F7D71 /* ALCCollectionInTableView */,
				6E1D07781E27A1D8000F7D71 /* Products */,
			);
			sourceTree = "<group>";
		};
		6E1D07781E27A1D8000F7D71 /* Products */ = {
			isa = PBXGroup;
			children = (
				6E1D07771E27A1D8000F7D71 /* ALCCollectionInTableView.app */,
			);
			name = Products;
			sourceTree = "<group>";
		};
		6E1D07791E27A1D8000F7D71 /* ALCCollectionInTableView */ = {
			isa = PBXGroup;
			children = (
				6E1D07D21E2FE8B7000F7D71 /* Categories */,
				6E1D07C91E2FC0F2000F7D71 /* Controllers */,
				6E1D07C41E2F961C000F7D71 /* Dependencies */,
				6E1D077D1E27A1D8000F7D71 /* AppDelegate.h */,
				6E1D077E1E27A1D8000F7D71 /* AppDelegate.m */,
				6E1D07831E27A1D8000F7D71 /* Main.storyboard */,
				6E1D07861E27A1D8000F7D71 /* Assets.xcassets */,
				6E1D07881E27A1D8000F7D71 /* LaunchScreen.storyboard */,
				6E1D078B1E27A1D8000F7D71 /* Info.plist */,
				6E1D077A1E27A1D8000F7D71 /* Supporting Files */,
			);
			path = ALCCollectionInTableView;
			sourceTree = "<group>";
		};
		6E1D077A1E27A1D8000F7D71 /* Supporting Files */ = {
			isa = PBXGroup;
			children = (
				6E1D077B1E27A1D8000F7D71 /* main.m */,
			);
			name = "Supporting Files";
			sourceTree = "<group>";
		};
		6E1D07BA1E2EF5DC000F7D71 /* CellService */ = {
			isa = PBXGroup;
			children = (
				6E1D07911E28EB7F000F7D71 /* CellServicos.h */,
				6E1D07921E28EB7F000F7D71 /* CellServicos.m */,
				6E1D07931E28EB7F000F7D71 /* CellServicos.xib */,
				6E1D07991E2CFC9D000F7D71 /* CollectionCell.h */,
				6E1D079A1E2CFC9D000F7D71 /* CollectionCell.m */,
				6E1D079B1E2CFC9D000F7D71 /* CollectionCell.xib */,
			);
			name = CellService;
			path = ../../..;
			sourceTree = "<group>";
		};
		6E1D07BB1E2EF5F5000F7D71 /* CellFeedBack */ = {
			isa = PBXGroup;
			children = (
				6E1D07B51E2EE31D000F7D71 /* FeedbackCell.h */,
				6E1D07B61E2EE31D000F7D71 /* FeedbackCell.m */,
				6E1D07B71E2EE31D000F7D71 /* FeedbackCell.xib */,
				6E1D07BF1E2EF843000F7D71 /* UserFeedbackCell.h */,
				6E1D07C01E2EF843000F7D71 /* UserFeedbackCell.m */,
				6E1D07C11E2EF843000F7D71 /* UserFeedbackCell.xib */,
			);
			name = CellFeedBack;
			path = ../../..;
			sourceTree = "<group>";
		};
		6E1D07C41E2F961C000F7D71 /* Dependencies */ = {
			isa = PBXGroup;
			children = (
				6E1D07C51E2F961C000F7D71 /* DJWStarRatingView */,
			);
			path = Dependencies;
			sourceTree = "<group>";
		};
		6E1D07C51E2F961C000F7D71 /* DJWStarRatingView */ = {
			isa = PBXGroup;
			children = (
				6E1D07C61E2F961C000F7D71 /* DJWStarRatingView.h */,
				6E1D07C71E2F961C000F7D71 /* DJWStarRatingView.m */,
			);
			path = DJWStarRatingView;
			sourceTree = "<group>";
		};
		6E1D07C91E2FC0F2000F7D71 /* Controllers */ = {
			isa = PBXGroup;
			children = (
				6E1D07CA1E2FC0F2000F7D71 /* ViewController */,
			);
			path = Controllers;
			sourceTree = "<group>";
		};
		6E1D07CA1E2FC0F2000F7D71 /* ViewController */ = {
			isa = PBXGroup;
			children = (
				6E1D07801E27A1D8000F7D71 /* ViewController.h */,
				6E1D07811E27A1D8000F7D71 /* ViewController.m */,
				6E1D07CB1E2FC0F2000F7D71 /* Cell */,
			);
			path = ViewController;
			sourceTree = "<group>";
		};
		6E1D07CB1E2FC0F2000F7D71 /* Cell */ = {
			isa = PBXGroup;
			children = (
				6E1D07BB1E2EF5F5000F7D71 /* CellFeedBack */,
				6E1D07BA1E2EF5DC000F7D71 /* CellService */,
				6E1D07CC1E2FC0F2000F7D71 /* CellComments */,
			);
			path = Cell;
			sourceTree = "<group>";
		};
		6E1D07CC1E2FC0F2000F7D71 /* CellComments */ = {
			isa = PBXGroup;
			children = (
				6E1D07CD1E2FC129000F7D71 /* CellComments.h */,
				6E1D07CE1E2FC129000F7D71 /* CellComments.m */,
				6E1D07CF1E2FC129000F7D71 /* CellComments.xib */,
			);
			path = CellComments;
			sourceTree = "<group>";
		};
		6E1D07D21E2FE8B7000F7D71 /* Categories */ = {
			isa = PBXGroup;
			children = (
				6E1D07D61E2FEA22000F7D71 /* UIViewController+Utils.h */,
				6E1D07D71E2FEA22000F7D71 /* UIViewController+Utils.m */,
			);
			path = Categories;
			sourceTree = "<group>";
		};
/* End PBXGroup section */

/* Begin PBXNativeTarget section */
		6E1D07761E27A1D8000F7D71 /* ALCCollectionInTableView */ = {
			isa = PBXNativeTarget;
			buildConfigurationList = 6E1D078E1E27A1D8000F7D71 /* Build configuration list for PBXNativeTarget "ALCCollectionInTableView" */;
			buildPhases = (
				6E1D07731E27A1D8000F7D71 /* Sources */,
				6E1D07741E27A1D8000F7D71 /* Frameworks */,
				6E1D07751E27A1D8000F7D71 /* Resources */,
			);
			buildRules = (
			);
			dependencies = (
			);
			name = ALCCollectionInTableView;
			productName = ALCCollectionInTableView;
			productReference = 6E1D07771E27A1D8000F7D71 /* ALCCollectionInTableView.app */;
			productType = "com.apple.product-type.application";
		};
/* End PBXNativeTarget section */

/* Begin PBXProject section */
		6E1D076F1E27A1D8000F7D71 /* Project object */ = {
			isa = PBXProject;
			attributes = {
				LastUpgradeCheck = 0820;
				ORGANIZATIONNAME = "André Campopiano";
				TargetAttributes = {
					6E1D07761E27A1D8000F7D71 = {
						CreatedOnToolsVersion = 8.2.1;
						DevelopmentTeam = K2ZUEY4TKM;
						ProvisioningStyle = Automatic;
					};
				};
			};
			buildConfigurationList = 6E1D07721E27A1D8000F7D71 /* Build configuration list for PBXProject "ALCCollectionInTableView" */;
			compatibilityVersion = "Xcode 3.2";
			developmentRegion = English;
			hasScannedForEncodings = 0;
			knownRegions = (
				en,
				Base,
			);
			mainGroup = 6E1D076E1E27A1D8000F7D71;
			productRefGroup = 6E1D07781E27A1D8000F7D71 /* Products */;
			projectDirPath = "";
			projectRoot = "";
			targets = (
				6E1D07761E27A1D8000F7D71 /* ALCCollectionInTableView */,
			);
		};
/* End PBXProject section */

/* Begin PBXResourcesBuildPhase section */
		6E1D07751E27A1D8000F7D71 /* Resources */ = {
			isa = PBXResourcesBuildPhase;
			buildActionMask = 2147483647;
			files = (
				6E1D07C31E2EF843000F7D71 /* UserFeedbackCell.xib in Resources */,
				6E1D07B91E2EE31D000F7D71 /* FeedbackCell.xib in Resources */,
				6E1D078A1E27A1D8000F7D71 /* LaunchScreen.storyboard in Resources */,
				6E1D079D1E2CFC9D000F7D71 /* CollectionCell.xib in Resources */,
				6E1D07871E27A1D8000F7D71 /* Assets.xcassets in Resources */,
				6E1D07851E27A1D8000F7D71 /* Main.storyboard in Resources */,
				6E1D07951E28EB7F000F7D71 /* CellServicos.xib in Resources */,
				6E1D07D11E2FC129000F7D71 /* CellComments.xib in Resources */,
			);
			runOnlyForDeploymentPostprocessing = 0;
		};
/* End PBXResourcesBuildPhase section */

/* Begin PBXSourcesBuildPhase section */
		6E1D07731E27A1D8000F7D71 /* Sources */ = {
			isa = PBXSourcesBuildPhase;
			buildActionMask = 2147483647;
			files = (
				6E1D07821E27A1D8000F7D71 /* ViewController.m in Sources */,
				6E1D07D01E2FC129000F7D71 /* CellComments.m in Sources */,
				6E1D07B81E2EE31D000F7D71 /* FeedbackCell.m in Sources */,
				6E1D077F1E27A1D8000F7D71 /* AppDelegate.m in Sources */,
				6E1D077C1E27A1D8000F7D71 /* main.m in Sources */,
				6E1D07941E28EB7F000F7D71 /* CellServicos.m in Sources */,
				6E1D07C81E2F961C000F7D71 /* DJWStarRatingView.m in Sources */,
				6E1D07C21E2EF843000F7D71 /* UserFeedbackCell.m in Sources */,
				6E1D07D81E2FEA22000F7D71 /* UIViewController+Utils.m in Sources */,
				6E1D079C1E2CFC9D000F7D71 /* CollectionCell.m in Sources */,
			);
			runOnlyForDeploymentPostprocessing = 0;
		};
/* End PBXSourcesBuildPhase section */

/* Begin PBXVariantGroup section */
		6E1D07831E27A1D8000F7D71 /* Main.storyboard */ = {
			isa = PBXVariantGroup;
			children = (
				6E1D07841E27A1D8000F7D71 /* Base */,
			);
			name = Main.storyboard;
			sourceTree = "<group>";
		};
		6E1D07881E27A1D8000F7D71 /* LaunchScreen.storyboard */ = {
			isa = PBXVariantGroup;
			children = (
				6E1D07891E27A1D8000F7D71 /* Base */,
			);
			name = LaunchScreen.storyboard;
			sourceTree = "<group>";
		};
/* End PBXVariantGroup section */

/* Begin XCBuildConfiguration section */
		6E1D078C1E27A1D8000F7D71 /* Debug */ = {
			isa = XCBuildConfiguration;
			buildSettings = {
				ALWAYS_SEARCH_USER_PATHS = NO;
				CLANG_ANALYZER_NONNULL = YES;
				CLANG_CXX_LANGUAGE_STANDARD = "gnu++0x";
				CLANG_CXX_LIBRARY = "libc++";
				CLANG_ENABLE_MODULES = YES;
				CLANG_ENABLE_OBJC_ARC = YES;
				CLANG_WARN_BOOL_CONVERSION = YES;
				CLANG_WARN_CONSTANT_CONVERSION = YES;
				CLANG_WARN_DIRECT_OBJC_ISA_USAGE = YES_ERROR;
				CLANG_WARN_DOCUMENTATION_COMMENTS = YES;
				CLANG_WARN_EMPTY_BODY = YES;
				CLANG_WARN_ENUM_CONVERSION = YES;
				CLANG_WARN_INFINITE_RECURSION = YES;
				CLANG_WARN_INT_CONVERSION = YES;
				CLANG_WARN_OBJC_ROOT_CLASS = YES_ERROR;
				CLANG_WARN_SUSPICIOUS_MOVE = YES;
				CLANG_WARN_UNREACHABLE_CODE = YES;
				CLANG_WARN__DUPLICATE_METHOD_MATCH = YES;
				"CODE_SIGN_IDENTITY[sdk=iphoneos*]" = "iPhone Developer";
				COPY_PHASE_STRIP = NO;
				DEBUG_INFORMATION_FORMAT = dwarf;
				ENABLE_STRICT_OBJC_MSGSEND = YES;
				ENABLE_TESTABILITY = YES;
				GCC_C_LANGUAGE_STANDARD = gnu99;
				GCC_DYNAMIC_NO_PIC = NO;
				GCC_NO_COMMON_BLOCKS = YES;
				GCC_OPTIMIZATION_LEVEL = 0;
				GCC_PREPROCESSOR_DEFINITIONS = (
					"DEBUG=1",
					"$(inherited)",
				);
				GCC_WARN_64_TO_32_BIT_CONVERSION = YES;
				GCC_WARN_ABOUT_RETURN_TYPE = YES_ERROR;
				GCC_WARN_UNDECLARED_SELECTOR = YES;
				GCC_WARN_UNINITIALIZED_AUTOS = YES_AGGRESSIVE;
				GCC_WARN_UNUSED_FUNCTION = YES;
				GCC_WARN_UNUSED_VARIABLE = YES;
				IPHONEOS_DEPLOYMENT_TARGET = 10.2;
				MTL_ENABLE_DEBUG_INFO = YES;
				ONLY_ACTIVE_ARCH = YES;
				SDKROOT = iphoneos;
				TARGETED_DEVICE_FAMILY = "1,2";
			};
			name = Debug;
		};
		6E1D078D1E27A1D8000F7D71 /* Release */ = {
			isa = XCBuildConfiguration;
			buildSettings = {
				ALWAYS_SEARCH_USER_PATHS = NO;
				CLANG_ANALYZER_NONNULL = YES;
				CLANG_CXX_LANGUAGE_STANDARD = "gnu++0x";
				CLANG_CXX_LIBRARY = "libc++";
				CLANG_ENABLE_MODULES = YES;
				CLANG_ENABLE_OBJC_ARC = YES;
				CLANG_WARN_BOOL_CONVERSION = YES;
				CLANG_WARN_CONSTANT_CONVERSION = YES;
				CLANG_WARN_DIRECT_OBJC_ISA_USAGE = YES_ERROR;
				CLANG_WARN_DOCUMENTATION_COMMENTS = YES;
				CLANG_WARN_EMPTY_BODY = YES;
				CLANG_WARN_ENUM_CONVERSION = YES;
				CLANG_WARN_INFINITE_RECURSION = YES;
				CLANG_WARN_INT_CONVERSION = YES;
				CLANG_WARN_OBJC_ROOT_CLASS = YES_ERROR;
				CLANG_WARN_SUSPICIOUS_MOVE = YES;
				CLANG_WARN_UNREACHABLE_CODE = YES;
				CLANG_WARN__DUPLICATE_METHOD_MATCH = YES;
				"CODE_SIGN_IDENTITY[sdk=iphoneos*]" = "iPhone Developer";
				COPY_PHASE_STRIP = NO;
				DEBUG_INFORMATION_FORMAT = "dwarf-with-dsym";
				ENABLE_NS_ASSERTIONS = NO;
				ENABLE_STRICT_OBJC_MSGSEND = YES;
				GCC_C_LANGUAGE_STANDARD = gnu99;
				GCC_NO_COMMON_BLOCKS = YES;
				GCC_WARN_64_TO_32_BIT_CONVERSION = YES;
				GCC_WARN_ABOUT_RETURN_TYPE = YES_ERROR;
				GCC_WARN_UNDECLARED_SELECTOR = YES;
				GCC_WARN_UNINITIALIZED_AUTOS = YES_AGGRESSIVE;
				GCC_WARN_UNUSED_FUNCTION = YES;
				GCC_WARN_UNUSED_VARIABLE = YES;
				IPHONEOS_DEPLOYMENT_TARGET = 10.2;
				MTL_ENABLE_DEBUG_INFO = NO;
				SDKROOT = iphoneos;
				TARGETED_DEVICE_FAMILY = "1,2";
				VALIDATE_PRODUCT = YES;
			};
			name = Release;
		};
		6E1D078F1E27A1D8000F7D71 /* Debug */ = {
			isa = XCBuildConfiguration;
			buildSettings = {
				ASSETCATALOG_COMPILER_APPICON_NAME = AppIcon;
				DEVELOPMENT_TEAM = K2ZUEY4TKM;
				INFOPLIST_FILE = ALCCollectionInTableView/Info.plist;
				LD_RUNPATH_SEARCH_PATHS = "$(inherited) @executable_path/Frameworks";
				PRODUCT_BUNDLE_IDENTIFIER = br.com.rentaspace.ALCCollectionInTableView;
				PRODUCT_NAME = "$(TARGET_NAME)";
			};
			name = Debug;
		};
		6E1D07901E27A1D8000F7D71 /* Release */ = {
			isa = XCBuildConfiguration;
			buildSettings = {
				ASSETCATALOG_COMPILER_APPICON_NAME = AppIcon;
				DEVELOPMENT_TEAM = K2ZUEY4TKM;
				INFOPLIST_FILE = ALCCollectionInTableView/Info.plist;
				LD_RUNPATH_SEARCH_PATHS = "$(inherited) @executable_path/Frameworks";
				PRODUCT_BUNDLE_IDENTIFIER = br.com.rentaspace.ALCCollectionInTableView;
				PRODUCT_NAME = "$(TARGET_NAME)";
			};
			name = Release;
		};
/* End XCBuildConfiguration section */

/* Begin XCConfigurationList section */
		6E1D07721E27A1D8000F7D71 /* Build configuration list for PBXProject "ALCCollectionInTableView" */ = {
			isa = XCConfigurationList;
			buildConfigurations = (
				6E1D078C1E27A1D8000F7D71 /* Debug */,
				6E1D078D1E27A1D8000F7D71 /* Release */,
			);
			defaultConfigurationIsVisible = 0;
			defaultConfigurationName = Release;
		};
		6E1D078E1E27A1D8000F7D71 /* Build configuration list for PBXNativeTarget "ALCCollectionInTableView" */ = {
			isa = XCConfigurationList;
			buildConfigurations = (
				6E1D078F1E27A1D8000F7D71 /* Debug */,
				6E1D07901E27A1D8000F7D71 /* Release */,
			);
			defaultConfigurationIsVisible = 0;
			defaultConfigurationName = Release;
		};
/* End XCConfigurationList section */
	};
	rootObject = 6E1D076F1E27A1D8000F7D71 /* Project object */;
}
